
Microsoft Visual Studio Solution File, Format Version 12.00
# Visual Studio 15
VisualStudioVersion = 15.0.28307.1062
MinimumVisualStudioVersion = 10.0.40219.1
Project("{FAE04EC0-301F-11D3-BF4B-00C04F79EFBC}") = "GTPSTools", "GTPSTools\GTPSTools.csproj", "{BAA6FB5B-2879-4251-A0CA-DD76A9CAF6D6}"
EndProject
Global
	GlobalSection(SolutionConfigurationPlatforms) = preSolution
		Debug|Any CPU = Debug|Any CPU
		Release|Any CPU = Release|Any CPU
	EndGlobalSection
	GlobalSection(ProjectConfigurationPlatforms) = postSolution
		{BAA6FB5B-2879-4251-A0CA-DD76A9CAF6D6}.Debug|Any CPU.ActiveCfg = Debug|Any CPU
		{BAA6FB5B-2879-4251-A0CA-DD76A9CAF6D6}.Debug|Any CPU.Build.0 = Debug|Any CPU
		{BAA6FB5B-2879-4251-A0CA-DD76A9CAF6D6}.Release|Any CPU.ActiveCfg = Release|Any CPU
		{BAA6FB5B-2879-4251-A0CA-DD76A9CAF6D6}.Release|Any CPU.Build.0 = Release|Any CPU
	EndGlobalSection
	GlobalSection(SolutionProperties) = preSolution
		HideSolutionNode = FALSE
	EndGlobalSection
	GlobalSection(ExtensibilityGlobals) = postSolution
		SolutionGuid = {996404F6-A9C6-4898-AA28-1BD693FCF962}
	EndGlobalSection
EndGlobal
